
Microsoft Visual Studio Solution File, Format Version 12.00
# Visual Studio Version 16
VisualStudioVersion = 16.0.30804.86
MinimumVisualStudioVersion = 10.0.40219.1
Project("{9A19103F-16F7-4668-BE54-9A1E7A4F7556}") = "LiteWare.Wpf.ShaderEffects", "src\LiteWare.Wpf.ShaderEffects\LiteWare.Wpf.ShaderEffects.csproj", "{E822AE0D-5EA1-4C61-A1DC-76CF73C8A524}"
EndProject
Global
	GlobalSection(SolutionConfigurationPlatforms) = preSolution
		Debug|Any CPU = Debug|Any CPU
		Release|Any CPU = Release|Any CPU
	EndGlobalSection
	GlobalSection(ProjectConfigurationPlatforms) = postSolution
		{E822AE0D-5EA1-4C61-A1DC-76CF73C8A524}.Debug|Any CPU.ActiveCfg = Debug|Any CPU
		{E822AE0D-5EA1-4C61-A1DC-76CF73C8A524}.Debug|Any CPU.Build.0 = Debug|Any CPU
		{E822AE0D-5EA1-4C61-A1DC-76CF73C8A524}.Release|Any CPU.ActiveCfg = Release|Any CPU
		{E822AE0D-5EA1-4C61-A1DC-76CF73C8A524}.Release|Any CPU.Build.0 = Release|Any CPU
	EndGlobalSection
	GlobalSection(SolutionProperties) = preSolution
		HideSolutionNode = FALSE
	EndGlobalSection
	GlobalSection(ExtensibilityGlobals) = postSolution
		SolutionGuid = {DE159EB4-7D6E-46D0-9366-391E9FDD37DC}
	EndGlobalSection
EndGlobal
